
Microsoft Visual Studio Solution File, Format Version 12.00
# Visual Studio Version 17
VisualStudioVersion = 17.3.32825.248
MinimumVisualStudioVersion = 10.0.40219.1
Project("{9A19103F-16F7-4668-BE54-9A1E7A4F7556}") = "Lab01", "Lab01\Lab01.csproj", "{D4DB9ED9-2600-462B-A2B9-D65F15C3AB3B}"
EndProject
Project("{9A19103F-16F7-4668-BE54-9A1E7A4F7556}") = "Lab02", "Lab02\Lab02.csproj", "{FCC36D6A-2AC7-468B-B600-51A0044CC6E9}"
EndProject
Project("{9A19103F-16F7-4668-BE54-9A1E7A4F7556}") = "Lab03", "Lab03\Lab03.csproj", "{7833E017-2C42-4E08-B6AF-610DFEE56BF8}"
EndProject
Project("{9A19103F-16F7-4668-BE54-9A1E7A4F7556}") = "Lab04", "Lab04\Lab04.csproj", "{9AB51DB7-CE0A-4A42-A69E-4B1E311835C6}"
EndProject
Project("{9A19103F-16F7-4668-BE54-9A1E7A4F7556}") = "Assignment01", "Assignment01\Assignment01.csproj", "{B0166413-C7EA-425D-B6B8-A800764AA965}"
EndProject
Project("{9A19103F-16F7-4668-BE54-9A1E7A4F7556}") = "Lab05", "Lab05\Lab05.csproj", "{EB469F41-BE30-4578-9153-F862FB776288}"
EndProject
Project("{9A19103F-16F7-4668-BE54-9A1E7A4F7556}") = "SimpleEngine", "SimpleEngine\SimpleEngine.csproj", "{03F22ABA-DB66-4D3E-9042-517D5ACA0CD5}"
EndProject
Project("{9A19103F-16F7-4668-BE54-9A1E7A4F7556}") = "Lab06", "Lab06\Lab06.csproj", "{8F189733-B855-4B14-9BB7-A5F9B9C862DF}"
EndProject
Project("{9A19103F-16F7-4668-BE54-9A1E7A4F7556}") = "Assignment02", "Assignment02\Assignment02.csproj", "{394A1D87-16A0-4F8B-9E70-30302A14E087}"
EndProject
Project("{9A19103F-16F7-4668-BE54-9A1E7A4F7556}") = "Lab07", "Lab07\Lab07.csproj", "{2ABA619F-BDFF-42D4-9496-285FD8E95D1E}"
EndProject
Project("{9A19103F-16F7-4668-BE54-9A1E7A4F7556}") = "Lab08", "Lab08\Lab08.csproj", "{9A6062F6-0C0E-4264-81A8-CE82C700F9ED}"
EndProject
Project("{9A19103F-16F7-4668-BE54-9A1E7A4F7556}") = "testDebug", "testDebug\testDebug.csproj", "{0427F1E2-7BD3-4AAB-A7D3-0D3B85150E05}"
EndProject
Project("{9A19103F-16F7-4668-BE54-9A1E7A4F7556}") = "Assignment03", "Assignment03\Assignment03.csproj", "{8DC800DC-5F7C-40A4-9B4D-C60AD7917305}"
EndProject
Project("{9A19103F-16F7-4668-BE54-9A1E7A4F7556}") = "Lab09", "Lab09\Lab09.csproj", "{AC87E08A-8457-4648-AF47-35D503FB0513}"
EndProject
Project("{9A19103F-16F7-4668-BE54-9A1E7A4F7556}") = "Lab10", "Lab10\Lab10.csproj", "{DE81188E-5C24-4F94-8A41-1BC9A683BC91}"
EndProject
Project("{9A19103F-16F7-4668-BE54-9A1E7A4F7556}") = "Assignment04", "Assignment04\Assignment04.csproj", "{9EECA68B-E705-4ACC-BDD6-6D97791F21FA}"
EndProject
Project("{9A19103F-16F7-4668-BE54-9A1E7A4F7556}") = "FinalProject", "FinalProject\FinalProject.csproj", "{3E4B9D00-F2B4-4C54-BA92-D6D768E8F641}"
EndProject
Project("{FAE04EC0-301F-11D3-BF4B-00C04F79EFBC}") = "Lab12", "Lab12\Lab12.csproj", "{BF356C15-95BE-4FAD-92C6-450060C89960}"
EndProject
Global
	GlobalSection(SolutionConfigurationPlatforms) = preSolution
		Debug|Any CPU = Debug|Any CPU
		Release|Any CPU = Release|Any CPU
	EndGlobalSection
	GlobalSection(ProjectConfigurationPlatforms) = postSolution
		{D4DB9ED9-2600-462B-A2B9-D65F15C3AB3B}.Debug|Any CPU.ActiveCfg = Debug|Any CPU
		{D4DB9ED9-2600-462B-A2B9-D65F15C3AB3B}.Debug|Any CPU.Build.0 = Debug|Any CPU
		{D4DB9ED9-2600-462B-A2B9-D65F15C3AB3B}.Release|Any CPU.ActiveCfg = Release|Any CPU
		{D4DB9ED9-2600-462B-A2B9-D65F15C3AB3B}.Release|Any CPU.Build.0 = Release|Any CPU
		{FCC36D6A-2AC7-468B-B600-51A0044CC6E9}.Debug|Any CPU.ActiveCfg = Debug|Any CPU
		{FCC36D6A-2AC7-468B-B600-51A0044CC6E9}.Debug|Any CPU.Build.0 = Debug|Any CPU
		{FCC36D6A-2AC7-468B-B600-51A0044CC6E9}.Release|Any CPU.ActiveCfg = Release|Any CPU
		{FCC36D6A-2AC7-468B-B600-51A0044CC6E9}.Release|Any CPU.Build.0 = Release|Any CPU
		{7833E017-2C42-4E08-B6AF-610DFEE56BF8}.Debug|Any CPU.ActiveCfg = Debug|Any CPU
		{7833E017-2C42-4E08-B6AF-610DFEE56BF8}.Debug|Any CPU.Build.0 = Debug|Any CPU
		{7833E017-2C42-4E08-B6AF-610DFEE56BF8}.Release|Any CPU.ActiveCfg = Release|Any CPU
		{7833E017-2C42-4E08-B6AF-610DFEE56BF8}.Release|Any CPU.Build.0 = Release|Any CPU
		{9AB51DB7-CE0A-4A42-A69E-4B1E311835C6}.Debug|Any CPU.ActiveCfg = Debug|Any CPU
		{9AB51DB7-CE0A-4A42-A69E-4B1E311835C6}.Debug|Any CPU.Build.0 = Debug|Any CPU
		{9AB51DB7-CE0A-4A42-A69E-4B1E311835C6}.Release|Any CPU.ActiveCfg = Release|Any CPU
		{9AB51DB7-CE0A-4A42-A69E-4B1E311835C6}.Release|Any CPU.Build.0 = Release|Any CPU
		{B0166413-C7EA-425D-B6B8-A800764AA965}.Debug|Any CPU.ActiveCfg = Debug|Any CPU
		{B0166413-C7EA-425D-B6B8-A800764AA965}.Debug|Any CPU.Build.0 = Debug|Any CPU
		{B0166413-C7EA-425D-B6B8-A800764AA965}.Release|Any CPU.ActiveCfg = Release|Any CPU
		{B0166413-C7EA-425D-B6B8-A800764AA965}.Release|Any CPU.Build.0 = Release|Any CPU
		{EB469F41-BE30-4578-9153-F862FB776288}.Debug|Any CPU.ActiveCfg = Debug|Any CPU
		{EB469F41-BE30-4578-9153-F862FB776288}.Debug|Any CPU.Build.0 = Debug|Any CPU
		{EB469F41-BE30-4578-9153-F862FB776288}.Release|Any CPU.ActiveCfg = Release|Any CPU
		{EB469F41-BE30-4578-9153-F862FB776288}.Release|Any CPU.Build.0 = Release|Any CPU
		{03F22ABA-DB66-4D3E-9042-517D5ACA0CD5}.Debug|Any CPU.ActiveCfg = Debug|Any CPU
		{03F22ABA-DB66-4D3E-9042-517D5ACA0CD5}.Debug|Any CPU.Build.0 = Debug|Any CPU
		{03F22ABA-DB66-4D3E-9042-517D5ACA0CD5}.Release|Any CPU.ActiveCfg = Release|Any CPU
		{03F22ABA-DB66-4D3E-9042-517D5ACA0CD5}.Release|Any CPU.Build.0 = Release|Any CPU
		{8F189733-B855-4B14-9BB7-A5F9B9C862DF}.Debug|Any CPU.ActiveCfg = Debug|Any CPU
		{8F189733-B855-4B14-9BB7-A5F9B9C862DF}.Debug|Any CPU.Build.0 = Debug|Any CPU
		{8F189733-B855-4B14-9BB7-A5F9B9C862DF}.Release|Any CPU.ActiveCfg = Release|Any CPU
		{8F189733-B855-4B14-9BB7-A5F9B9C862DF}.Release|Any CPU.Build.0 = Release|Any CPU
		{394A1D87-16A0-4F8B-9E70-30302A14E087}.Debug|Any CPU.ActiveCfg = Debug|Any CPU
		{394A1D87-16A0-4F8B-9E70-30302A14E087}.Debug|Any CPU.Build.0 = Debug|Any CPU
		{394A1D87-16A0-4F8B-9E70-30302A14E087}.Release|Any CPU.ActiveCfg = Release|Any CPU
		{394A1D87-16A0-4F8B-9E70-30302A14E087}.Release|Any CPU.Build.0 = Release|Any CPU
		{2ABA619F-BDFF-42D4-9496-285FD8E95D1E}.Debug|Any CPU.ActiveCfg = Debug|Any CPU
		{2ABA619F-BDFF-42D4-9496-285FD8E95D1E}.Debug|Any CPU.Build.0 = Debug|Any CPU
		{2ABA619F-BDFF-42D4-9496-285FD8E95D1E}.Release|Any CPU.ActiveCfg = Release|Any CPU
		{2ABA619F-BDFF-42D4-9496-285FD8E95D1E}.Release|Any CPU.Build.0 = Release|Any CPU
		{9A6062F6-0C0E-4264-81A8-CE82C700F9ED}.Debug|Any CPU.ActiveCfg = Debug|Any CPU
		{9A6062F6-0C0E-4264-81A8-CE82C700F9ED}.Debug|Any CPU.Build.0 = Debug|Any CPU
		{9A6062F6-0C0E-4264-81A8-CE82C700F9ED}.Release|Any CPU.ActiveCfg = Release|Any CPU
		{9A6062F6-0C0E-4264-81A8-CE82C700F9ED}.Release|Any CPU.Build.0 = Release|Any CPU
		{0427F1E2-7BD3-4AAB-A7D3-0D3B85150E05}.Debug|Any CPU.ActiveCfg = Debug|Any CPU
		{0427F1E2-7BD3-4AAB-A7D3-0D3B85150E05}.Debug|Any CPU.Build.0 = Debug|Any CPU
		{0427F1E2-7BD3-4AAB-A7D3-0D3B85150E05}.Release|Any CPU.ActiveCfg = Release|Any CPU
		{0427F1E2-7BD3-4AAB-A7D3-0D3B85150E05}.Release|Any CPU.Build.0 = Release|Any CPU
		{8DC800DC-5F7C-40A4-9B4D-C60AD7917305}.Debug|Any CPU.ActiveCfg = Debug|Any CPU
		{8DC800DC-5F7C-40A4-9B4D-C60AD7917305}.Debug|Any CPU.Build.0 = Debug|Any CPU
		{8DC800DC-5F7C-40A4-9B4D-C60AD7917305}.Release|Any CPU.ActiveCfg = Release|Any CPU
		{8DC800DC-5F7C-40A4-9B4D-C60AD7917305}.Release|Any CPU.Build.0 = Release|Any CPU
		{AC87E08A-8457-4648-AF47-35D503FB0513}.Debug|Any CPU.ActiveCfg = Debug|Any CPU
		{AC87E08A-8457-4648-AF47-35D503FB0513}.Debug|Any CPU.Build.0 = Debug|Any CPU
		{AC87E08A-8457-4648-AF47-35D503FB0513}.Release|Any CPU.ActiveCfg = Release|Any CPU
		{AC87E08A-8457-4648-AF47-35D503FB0513}.Release|Any CPU.Build.0 = Release|Any CPU
		{DE81188E-5C24-4F94-8A41-1BC9A683BC91}.Debug|Any CPU.ActiveCfg = Debug|Any CPU
		{DE81188E-5C24-4F94-8A41-1BC9A683BC91}.Debug|Any CPU.Build.0 = Debug|Any CPU
		{DE81188E-5C24-4F94-8A41-1BC9A683BC91}.Release|Any CPU.ActiveCfg = Release|Any CPU
		{DE81188E-5C24-4F94-8A41-1BC9A683BC91}.Release|Any CPU.Build.0 = Release|Any CPU
		{9EECA68B-E705-4ACC-BDD6-6D97791F21FA}.Debug|Any CPU.ActiveCfg = Debug|Any CPU
		{9EECA68B-E705-4ACC-BDD6-6D97791F21FA}.Debug|Any CPU.Build.0 = Debug|Any CPU
		{9EECA68B-E705-4ACC-BDD6-6D97791F21FA}.Release|Any CPU.ActiveCfg = Release|Any CPU
		{9EECA68B-E705-4ACC-BDD6-6D97791F21FA}.Release|Any CPU.Build.0 = Release|Any CPU
		{3E4B9D00-F2B4-4C54-BA92-D6D768E8F641}.Debug|Any CPU.ActiveCfg = Debug|Any CPU
		{3E4B9D00-F2B4-4C54-BA92-D6D768E8F641}.Debug|Any CPU.Build.0 = Debug|Any CPU
		{3E4B9D00-F2B4-4C54-BA92-D6D768E8F641}.Release|Any CPU.ActiveCfg = Release|Any CPU
		{3E4B9D00-F2B4-4C54-BA92-D6D768E8F641}.Release|Any CPU.Build.0 = Release|Any CPU
		{BF356C15-95BE-4FAD-92C6-450060C89960}.Debug|Any CPU.ActiveCfg = Debug|Any CPU
		{BF356C15-95BE-4FAD-92C6-450060C89960}.Debug|Any CPU.Build.0 = Debug|Any CPU
		{BF356C15-95BE-4FAD-92C6-450060C89960}.Release|Any CPU.ActiveCfg = Release|Any CPU
		{BF356C15-95BE-4FAD-92C6-450060C89960}.Release|Any CPU.Build.0 = Release|Any CPU
	EndGlobalSection
	GlobalSection(SolutionProperties) = preSolution
		HideSolutionNode = FALSE
	EndGlobalSection
	GlobalSection(ExtensibilityGlobals) = postSolution
		SolutionGuid = {75EBEFF0-FACF-4F51-9473-3C311DEE4430}
	EndGlobalSection
EndGlobal
